# This file is automatically @generated by Cargo.
# It is not intended for manual editing.
version = 4

[[package]]
name = "rebyte-cli"
version = "0.1.0"
dependencies = [
 "rebyte-core",
]

[[package]]
name = "rebyte-core"
version = "0.1.0"
dependencies = [
 "rebyte-format",
]

[[package]]
name = "rebyte-format"
version = "0.1.0"

[[package]]
name = "xtask"
version = "0.1.0"
